
Microsoft Visual Studio Solution File, Format Version 12.00
# Visual Studio 15
VisualStudioVersion = 15.0.28307.106
MinimumVisualStudioVersion = 10.0.40219.1
Project("{FAE04EC0-301F-11D3-BF4B-00C04F79EFBC}") = "UnitTesting", "UnitTesting\UnitTesting.csproj", "{18E16E49-B8BD-4D24-8137-AB2850F66B8C}"
EndProject
Project("{FAE04EC0-301F-11D3-BF4B-00C04F79EFBC}") = "UnitTesting.UnitTests", "UnitTesting.UnitTests\UnitTesting.UnitTests.csproj", "{784413B0-86EC-4C1D-B55A-C1C28D816433}"
EndProject
Global
	GlobalSection(SolutionConfigurationPlatforms) = preSolution
		Debug|Any CPU = Debug|Any CPU
		Release|Any CPU = Release|Any CPU
	EndGlobalSection
	GlobalSection(ProjectConfigurationPlatforms) = postSolution
		{18E16E49-B8BD-4D24-8137-AB2850F66B8C}.Debug|Any CPU.ActiveCfg = Debug|Any CPU
		{18E16E49-B8BD-4D24-8137-AB2850F66B8C}.Debug|Any CPU.Build.0 = Debug|Any CPU
		{18E16E49-B8BD-4D24-8137-AB2850F66B8C}.Release|Any CPU.ActiveCfg = Release|Any CPU
		{18E16E49-B8BD-4D24-8137-AB2850F66B8C}.Release|Any CPU.Build.0 = Release|Any CPU
		{784413B0-86EC-4C1D-B55A-C1C28D816433}.Debug|Any CPU.ActiveCfg = Debug|Any CPU
		{784413B0-86EC-4C1D-B55A-C1C28D816433}.Debug|Any CPU.Build.0 = Debug|Any CPU
		{784413B0-86EC-4C1D-B55A-C1C28D816433}.Release|Any CPU.ActiveCfg = Release|Any CPU
		{784413B0-86EC-4C1D-B55A-C1C28D816433}.Release|Any CPU.Build.0 = Release|Any CPU
	EndGlobalSection
	GlobalSection(SolutionProperties) = preSolution
		HideSolutionNode = FALSE
	EndGlobalSection
	GlobalSection(ExtensibilityGlobals) = postSolution
		SolutionGuid = {B94BD651-5A99-4AA5-8565-AB2F88B9AF29}
	EndGlobalSection
EndGlobal
